// !$*UTF8*$!
{
	archiveVersion = 1;
	classes = {
	};
	objectVersion = 55;
	objects = {

/* Begin PBXBuildFile section */
		56E3B19A50FC93EC1C10417B /* Pods_Scaivision.framework in Frameworks */ = {isa = PBXBuildFile; fileRef = 414A45A9CA1DAD8513828A89 /* Pods_Scaivision.framework */; };
		5A02ADDE276B5368003FF5BA /* AppDelegate.swift in Sources */ = {isa = PBXBuildFile; fileRef = 5A02ADDD276B5368003FF5BA /* AppDelegate.swift */; };
		5A02ADE0276B9025003FF5BA /* InfoView.swift in Sources */ = {isa = PBXBuildFile; fileRef = 5A02ADDF276B9025003FF5BA /* InfoView.swift */; };
		5A02ADE2276BCE89003FF5BA /* ScaiAPIManager.swift in Sources */ = {isa = PBXBuildFile; fileRef = 5A02ADE1276BCE89003FF5BA /* ScaiAPIManager.swift */; };
		5A02ADE4276BCEDB003FF5BA /* ScaiModel.swift in Sources */ = {isa = PBXBuildFile; fileRef = 5A02ADE3276BCEDB003FF5BA /* ScaiModel.swift */; };
		5A77AE932769306A00A37517 /* ScaivisionApp.swift in Sources */ = {isa = PBXBuildFile; fileRef = 5A77AE922769306A00A37517 /* ScaivisionApp.swift */; };
		5A77AE952769306A00A37517 /* CameraView.swift in Sources */ = {isa = PBXBuildFile; fileRef = 5A77AE942769306A00A37517 /* CameraView.swift */; };
		5A77AE972769306D00A37517 /* Assets.xcassets in Resources */ = {isa = PBXBuildFile; fileRef = 5A77AE962769306D00A37517 /* Assets.xcassets */; };
		5A77AE9A2769306D00A37517 /* Preview Assets.xcassets in Resources */ = {isa = PBXBuildFile; fileRef = 5A77AE992769306D00A37517 /* Preview Assets.xcassets */; };
		5A77AEA42769306D00A37517 /* ScaivisionTests.swift in Sources */ = {isa = PBXBuildFile; fileRef = 5A77AEA32769306D00A37517 /* ScaivisionTests.swift */; };
		5A77AEAE2769306D00A37517 /* ScaivisionUITests.swift in Sources */ = {isa = PBXBuildFile; fileRef = 5A77AEAD2769306D00A37517 /* ScaivisionUITests.swift */; };
		5A77AEB02769306D00A37517 /* ScaivisionUITestsLaunchTests.swift in Sources */ = {isa = PBXBuildFile; fileRef = 5A77AEAF2769306D00A37517 /* ScaivisionUITestsLaunchTests.swift */; };
		5A77AEBD276937AF00A37517 /* CameraController.swift in Sources */ = {isa = PBXBuildFile; fileRef = 5A77AEBC276937AF00A37517 /* CameraController.swift */; };
		5A77AEBF276B335400A37517 /* ImagePicker.swift in Sources */ = {isa = PBXBuildFile; fileRef = 5A77AEBE276B335400A37517 /* ImagePicker.swift */; };
		5A77AEC1276B4B1300A37517 /* AWSS3Manager.swift in Sources */ = {isa = PBXBuildFile; fileRef = 5A77AEC0276B4B1300A37517 /* AWSS3Manager.swift */; };
		5CF1AA29B070EFF46F924951 /* Pods_Scaivision_ScaivisionUITests.framework in Frameworks */ = {isa = PBXBuildFile; fileRef = BEE4CE3A93EC27EB0E945378 /* Pods_Scaivision_ScaivisionUITests.framework */; };
		6B011DCFEF17075AC17EDBCF /* Pods_ScaivisionTests.framework in Frameworks */ = {isa = PBXBuildFile; fileRef = 8332A66600A1FEF2C2F186BB /* Pods_ScaivisionTests.framework */; };
/* End PBXBuildFile section */

/* Begin PBXContainerItemProxy section */
		5A77AEA02769306D00A37517 /* PBXContainerItemProxy */ = {
			isa = PBXContainerItemProxy;
			containerPortal = 5A77AE872769306A00A37517 /* Project object */;
			proxyType = 1;
			remoteGlobalIDString = 5A77AE8E2769306A00A37517;
			remoteInfo = Scaivision;
		};
		5A77AEAA2769306D00A37517 /* PBXContainerItemProxy */ = {
			isa = PBXContainerItemProxy;
			containerPortal = 5A77AE872769306A00A37517 /* Project object */;
			proxyType = 1;
			remoteGlobalIDString = 5A77AE8E2769306A00A37517;
			remoteInfo = Scaivision;
		};
/* End PBXContainerItemProxy section */

/* Begin PBXFileReference section */
		323E5D97BA4B819827190026 /* Pods-Scaivision-ScaivisionUITests.debug.xcconfig */ = {isa = PBXFileReference; includeInIndex = 1; lastKnownFileType = text.xcconfig; name = "Pods-Scaivision-ScaivisionUITests.debug.xcconfig"; path = "Target Support Files/Pods-Scaivision-ScaivisionUITests/Pods-Scaivision-ScaivisionUITests.debug.xcconfig"; sourceTree = "<group>"; };
		414A45A9CA1DAD8513828A89 /* Pods_Scaivision.framework */ = {isa = PBXFileReference; explicitFileType = wrapper.framework; includeInIndex = 0; path = Pods_Scaivision.framework; sourceTree = BUILT_PRODUCTS_DIR; };
		5A02ADDC276B528B003FF5BA /* Info.plist */ = {isa = PBXFileReference; lastKnownFileType = text.plist; path = Info.plist; sourceTree = "<group>"; };
		5A02ADDD276B5368003FF5BA /* AppDelegate.swift */ = {isa = PBXFileReference; lastKnownFileType = sourcecode.swift; path = AppDelegate.swift; sourceTree = "<group>"; };
		5A02ADDF276B9025003FF5BA /* InfoView.swift */ = {isa = PBXFileReference; lastKnownFileType = sourcecode.swift; path = InfoView.swift; sourceTree = "<group>"; };
		5A02ADE1276BCE89003FF5BA /* ScaiAPIManager.swift */ = {isa = PBXFileReference; lastKnownFileType = sourcecode.swift; path = ScaiAPIManager.swift; sourceTree = "<group>"; };
		5A02ADE3276BCEDB003FF5BA /* ScaiModel.swift */ = {isa = PBXFileReference; lastKnownFileType = sourcecode.swift; path = ScaiModel.swift; sourceTree = "<group>"; };
		5A77AE8F2769306A00A37517 /* Scaivision.app */ = {isa = PBXFileReference; explicitFileType = wrapper.application; includeInIndex = 0; path = Scaivision.app; sourceTree = BUILT_PRODUCTS_DIR; };
		5A77AE922769306A00A37517 /* ScaivisionApp.swift */ = {isa = PBXFileReference; lastKnownFileType = sourcecode.swift; path = ScaivisionApp.swift; sourceTree = "<group>"; };
		5A77AE942769306A00A37517 /* CameraView.swift */ = {isa = PBXFileReference; lastKnownFileType = sourcecode.swift; path = CameraView.swift; sourceTree = "<group>"; };
		5A77AE962769306D00A37517 /* Assets.xcassets */ = {isa = PBXFileReference; lastKnownFileType = folder.assetcatalog; path = Assets.xcassets; sourceTree = "<group>"; };
		5A77AE992769306D00A37517 /* Preview Assets.xcassets */ = {isa = PBXFileReference; lastKnownFileType = folder.assetcatalog; path = "Preview Assets.xcassets"; sourceTree = "<group>"; };
		5A77AE9F2769306D00A37517 /* ScaivisionTests.xctest */ = {isa = PBXFileReference; explicitFileType = wrapper.cfbundle; includeInIndex = 0; path = ScaivisionTests.xctest; sourceTree = BUILT_PRODUCTS_DIR; };
		5A77AEA32769306D00A37517 /* ScaivisionTests.swift */ = {isa = PBXFileReference; lastKnownFileType = sourcecode.swift; path = ScaivisionTests.swift; sourceTree = "<group>"; };
		5A77AEA92769306D00A37517 /* ScaivisionUITests.xctest */ = {isa = PBXFileReference; explicitFileType = wrapper.cfbundle; includeInIndex = 0; path = ScaivisionUITests.xctest; sourceTree = BUILT_PRODUCTS_DIR; };
		5A77AEAD2769306D00A37517 /* ScaivisionUITests.swift */ = {isa = PBXFileReference; lastKnownFileType = sourcecode.swift; path = ScaivisionUITests.swift; sourceTree = "<group>"; };
		5A77AEAF2769306D00A37517 /* ScaivisionUITestsLaunchTests.swift */ = {isa = PBXFileReference; lastKnownFileType = sourcecode.swift; path = ScaivisionUITestsLaunchTests.swift; sourceTree = "<group>"; };
		5A77AEBC276937AF00A37517 /* CameraController.swift */ = {isa = PBXFileReference; lastKnownFileType = sourcecode.swift; path = CameraController.swift; sourceTree = "<group>"; };
		5A77AEBE276B335400A37517 /* ImagePicker.swift */ = {isa = PBXFileReference; lastKnownFileType = sourcecode.swift; path = ImagePicker.swift; sourceTree = "<group>"; };
		5A77AEC0276B4B1300A37517 /* AWSS3Manager.swift */ = {isa = PBXFileReference; lastKnownFileType = sourcecode.swift; path = AWSS3Manager.swift; sourceTree = "<group>"; };
		66641BADDA01634D1BC1A5F0 /* Pods-Scaivision.debug.xcconfig */ = {isa = PBXFileReference; includeInIndex = 1; lastKnownFileType = text.xcconfig; name = "Pods-Scaivision.debug.xcconfig"; path = "Target Support Files/Pods-Scaivision/Pods-Scaivision.debug.xcconfig"; sourceTree = "<group>"; };
		8332A66600A1FEF2C2F186BB /* Pods_ScaivisionTests.framework */ = {isa = PBXFileReference; explicitFileType = wrapper.framework; includeInIndex = 0; path = Pods_ScaivisionTests.framework; sourceTree = BUILT_PRODUCTS_DIR; };
		A19DF76D76A5C5D4895D592B /* Pods-Scaivision.release.xcconfig */ = {isa = PBXFileReference; includeInIndex = 1; lastKnownFileType = text.xcconfig; name = "Pods-Scaivision.release.xcconfig"; path = "Target Support Files/Pods-Scaivision/Pods-Scaivision.release.xcconfig"; sourceTree = "<group>"; };
		BEE4CE3A93EC27EB0E945378 /* Pods_Scaivision_ScaivisionUITests.framework */ = {isa = PBXFileReference; explicitFileType = wrapper.framework; includeInIndex = 0; path = Pods_Scaivision_ScaivisionUITests.framework; sourceTree = BUILT_PRODUCTS_DIR; };
		CDA50DE638F98F244109276B /* Pods-ScaivisionTests.debug.xcconfig */ = {isa = PBXFileReference; includeInIndex = 1; lastKnownFileType = text.xcconfig; name = "Pods-ScaivisionTests.debug.xcconfig"; path = "Target Support Files/Pods-ScaivisionTests/Pods-ScaivisionTests.debug.xcconfig"; sourceTree = "<group>"; };
		D6CEC7DA3C591F51D5E74871 /* Pods-ScaivisionTests.release.xcconfig */ = {isa = PBXFileReference; includeInIndex = 1; lastKnownFileType = text.xcconfig; name = "Pods-ScaivisionTests.release.xcconfig"; path = "Target Support Files/Pods-ScaivisionTests/Pods-ScaivisionTests.release.xcconfig"; sourceTree = "<group>"; };
		F942FD8ED747874AF0FFE9E2 /* Pods-Scaivision-ScaivisionUITests.release.xcconfig */ = {isa = PBXFileReference; includeInIndex = 1; lastKnownFileType = text.xcconfig; name = "Pods-Scaivision-ScaivisionUITests.release.xcconfig"; path = "Target Support Files/Pods-Scaivision-ScaivisionUITests/Pods-Scaivision-ScaivisionUITests.release.xcconfig"; sourceTree = "<group>"; };
/* End PBXFileReference section */

/* Begin PBXFrameworksBuildPhase section */
		5A77AE8C2769306A00A37517 /* Frameworks */ = {
			isa = PBXFrameworksBuildPhase;
			buildActionMask = 2147483647;
			files = (
				56E3B19A50FC93EC1C10417B /* Pods_Scaivision.framework in Frameworks */,
			);
			runOnlyForDeploymentPostprocessing = 0;
		};
		5A77AE9C2769306D00A37517 /* Frameworks */ = {
			isa = PBXFrameworksBuildPhase;
			buildActionMask = 2147483647;
			files = (
				6B011DCFEF17075AC17EDBCF /* Pods_ScaivisionTests.framework in Frameworks */,
			);
			runOnlyForDeploymentPostprocessing = 0;
		};
		5A77AEA62769306D00A37517 /* Frameworks */ = {
			isa = PBXFrameworksBuildPhase;
			buildActionMask = 2147483647;
			files = (
				5CF1AA29B070EFF46F924951 /* Pods_Scaivision_ScaivisionUITests.framework in Frameworks */,
			);
			runOnlyForDeploymentPostprocessing = 0;
		};
/* End PBXFrameworksBuildPhase section */

/* Begin PBXGroup section */
		5A77AE862769306A00A37517 = {
			isa = PBXGroup;
			children = (
				5A77AE912769306A00A37517 /* Scaivision */,
				5A77AEA22769306D00A37517 /* ScaivisionTests */,
				5A77AEAC2769306D00A37517 /* ScaivisionUITests */,
				5A77AE902769306A00A37517 /* Products */,
				66BCCAF34E71F685DE572EBF /* Pods */,
				989922155A146E1F967155E5 /* Frameworks */,
			);
			sourceTree = "<group>";
		};
		5A77AE902769306A00A37517 /* Products */ = {
			isa = PBXGroup;
			children = (
				5A77AE8F2769306A00A37517 /* Scaivision.app */,
				5A77AE9F2769306D00A37517 /* ScaivisionTests.xctest */,
				5A77AEA92769306D00A37517 /* ScaivisionUITests.xctest */,
			);
			name = Products;
			sourceTree = "<group>";
		};
		5A77AE912769306A00A37517 /* Scaivision */ = {
			isa = PBXGroup;
			children = (
				5A02ADDC276B528B003FF5BA /* Info.plist */,
				5A02ADDD276B5368003FF5BA /* AppDelegate.swift */,
				5A77AEC0276B4B1300A37517 /* AWSS3Manager.swift */,
				5A77AE922769306A00A37517 /* ScaivisionApp.swift */,
				5A02ADE1276BCE89003FF5BA /* ScaiAPIManager.swift */,
				5A02ADE3276BCEDB003FF5BA /* ScaiModel.swift */,
				5A77AEBC276937AF00A37517 /* CameraController.swift */,
				5A77AE942769306A00A37517 /* CameraView.swift */,
				5A77AEBE276B335400A37517 /* ImagePicker.swift */,
				5A02ADDF276B9025003FF5BA /* InfoView.swift */,
				5A77AE962769306D00A37517 /* Assets.xcassets */,
				5A77AE982769306D00A37517 /* Preview Content */,
			);
			path = Scaivision;
			sourceTree = "<group>";
		};
		5A77AE982769306D00A37517 /* Preview Content */ = {
			isa = PBXGroup;
			children = (
				5A77AE992769306D00A37517 /* Preview Assets.xcassets */,
			);
			path = "Preview Content";
			sourceTree = "<group>";
		};
		5A77AEA22769306D00A37517 /* ScaivisionTests */ = {
			isa = PBXGroup;
			children = (
				5A77AEA32769306D00A37517 /* ScaivisionTests.swift */,
			);
			path = ScaivisionTests;
			sourceTree = "<group>";
		};
		5A77AEAC2769306D00A37517 /* ScaivisionUITests */ = {
			isa = PBXGroup;
			children = (
				5A77AEAD2769306D00A37517 /* ScaivisionUITests.swift */,
				5A77AEAF2769306D00A37517 /* ScaivisionUITestsLaunchTests.swift */,
			);
			path = ScaivisionUITests;
			sourceTree = "<group>";
		};
		66BCCAF34E71F685DE572EBF /* Pods */ = {
			isa = PBXGroup;
			children = (
				66641BADDA01634D1BC1A5F0 /* Pods-Scaivision.debug.xcconfig */,
				A19DF76D76A5C5D4895D592B /* Pods-Scaivision.release.xcconfig */,
				323E5D97BA4B819827190026 /* Pods-Scaivision-ScaivisionUITests.debug.xcconfig */,
				F942FD8ED747874AF0FFE9E2 /* Pods-Scaivision-ScaivisionUITests.release.xcconfig */,
				CDA50DE638F98F244109276B /* Pods-ScaivisionTests.debug.xcconfig */,
				D6CEC7DA3C591F51D5E74871 /* Pods-ScaivisionTests.release.xcconfig */,
			);
			path = Pods;
			sourceTree = "<group>";
		};
		989922155A146E1F967155E5 /* Frameworks */ = {
			isa = PBXGroup;
			children = (
				414A45A9CA1DAD8513828A89 /* Pods_Scaivision.framework */,
				BEE4CE3A93EC27EB0E945378 /* Pods_Scaivision_ScaivisionUITests.framework */,
				8332A66600A1FEF2C2F186BB /* Pods_ScaivisionTests.framework */,
			);
			name = Frameworks;
			sourceTree = "<group>";
		};
/* End PBXGroup section */

/* Begin PBXNativeTarget section */
		5A77AE8E2769306A00A37517 /* Scaivision */ = {
			isa = PBXNativeTarget;
			buildConfigurationList = 5A77AEB32769306D00A37517 /* Build configuration list for PBXNativeTarget "Scaivision" */;
			buildPhases = (
				B0B94D7343DB4E918869E149 /* [CP] Check Pods Manifest.lock */,
				5A77AE8B2769306A00A37517 /* Sources */,
				5A77AE8C2769306A00A37517 /* Frameworks */,
				5A77AE8D2769306A00A37517 /* Resources */,
				AB5FE1D1432F95CB7189DAD2 /* [CP] Embed Pods Frameworks */,
			);
			buildRules = (
			);
			dependencies = (
			);
			name = Scaivision;
			productName = Scaivision;
			productReference = 5A77AE8F2769306A00A37517 /* Scaivision.app */;
			productType = "com.apple.product-type.application";
		};
		5A77AE9E2769306D00A37517 /* ScaivisionTests */ = {
			isa = PBXNativeTarget;
			buildConfigurationList = 5A77AEB62769306D00A37517 /* Build configuration list for PBXNativeTarget "ScaivisionTests" */;
			buildPhases = (
				6C5C5CA869199AE459E77090 /* [CP] Check Pods Manifest.lock */,
				5A77AE9B2769306D00A37517 /* Sources */,
				5A77AE9C2769306D00A37517 /* Frameworks */,
				5A77AE9D2769306D00A37517 /* Resources */,
			);
			buildRules = (
			);
			dependencies = (
				5A77AEA12769306D00A37517 /* PBXTargetDependency */,
			);
			name = ScaivisionTests;
			productName = ScaivisionTests;
			productReference = 5A77AE9F2769306D00A37517 /* ScaivisionTests.xctest */;
			productType = "com.apple.product-type.bundle.unit-test";
		};
		5A77AEA82769306D00A37517 /* ScaivisionUITests */ = {
			isa = PBXNativeTarget;
			buildConfigurationList = 5A77AEB92769306D00A37517 /* Build configuration list for PBXNativeTarget "ScaivisionUITests" */;
			buildPhases = (
				108A837B567665534920017A /* [CP] Check Pods Manifest.lock */,
				5A77AEA52769306D00A37517 /* Sources */,
				5A77AEA62769306D00A37517 /* Frameworks */,
				5A77AEA72769306D00A37517 /* Resources */,
				367DC68215706206A4A12468 /* [CP] Embed Pods Frameworks */,
			);
			buildRules = (
			);
			dependencies = (
				5A77AEAB2769306D00A37517 /* PBXTargetDependency */,
			);
			name = ScaivisionUITests;
			productName = ScaivisionUITests;
			productReference = 5A77AEA92769306D00A37517 /* ScaivisionUITests.xctest */;
			productType = "com.apple.product-type.bundle.ui-testing";
		};
/* End PBXNativeTarget section */

/* Begin PBXProject section */
		5A77AE872769306A00A37517 /* Project object */ = {
			isa = PBXProject;
			attributes = {
				BuildIndependentTargetsInParallel = 1;
				LastSwiftUpdateCheck = 1310;
				LastUpgradeCheck = 1310;
				TargetAttributes = {
					5A77AE8E2769306A00A37517 = {
						CreatedOnToolsVersion = 13.1;
					};
					5A77AE9E2769306D00A37517 = {
						CreatedOnToolsVersion = 13.1;
						TestTargetID = 5A77AE8E2769306A00A37517;
					};
					5A77AEA82769306D00A37517 = {
						CreatedOnToolsVersion = 13.1;
						TestTargetID = 5A77AE8E2769306A00A37517;
					};
				};
			};
			buildConfigurationList = 5A77AE8A2769306A00A37517 /* Build configuration list for PBXProject "Scaivision" */;
			compatibilityVersion = "Xcode 13.0";
			developmentRegion = en;
			hasScannedForEncodings = 0;
			knownRegions = (
				en,
				Base,
			);
			mainGroup = 5A77AE862769306A00A37517;
			productRefGroup = 5A77AE902769306A00A37517 /* Products */;
			projectDirPath = "";
			projectRoot = "";
			targets = (
				5A77AE8E2769306A00A37517 /* Scaivision */,
				5A77AE9E2769306D00A37517 /* ScaivisionTests */,
				5A77AEA82769306D00A37517 /* ScaivisionUITests */,
			);
		};
/* End PBXProject section */

/* Begin PBXResourcesBuildPhase section */
		5A77AE8D2769306A00A37517 /* Resources */ = {
			isa = PBXResourcesBuildPhase;
			buildActionMask = 2147483647;
			files = (
				5A77AE9A2769306D00A37517 /* Preview Assets.xcassets in Resources */,
				5A77AE972769306D00A37517 /* Assets.xcassets in Resources */,
			);
			runOnlyForDeploymentPostprocessing = 0;
		};
		5A77AE9D2769306D00A37517 /* Resources */ = {
			isa = PBXResourcesBuildPhase;
			buildActionMask = 2147483647;
			files = (
			);
			runOnlyForDeploymentPostprocessing = 0;
		};
		5A77AEA72769306D00A37517 /* Resources */ = {
			isa = PBXResourcesBuildPhase;
			buildActionMask = 2147483647;
			files = (
			);
			runOnlyForDeploymentPostprocessing = 0;
		};
/* End PBXResourcesBuildPhase section */

/* Begin PBXShellScriptBuildPhase section */
		108A837B567665534920017A /* [CP] Check Pods Manifest.lock */ = {
			isa = PBXShellScriptBuildPhase;
			buildActionMask = 2147483647;
			files = (
			);
			inputFileListPaths = (
			);
			inputPaths = (
				"${PODS_PODFILE_DIR_PATH}/Podfile.lock",
				"${PODS_ROOT}/Manifest.lock",
			);
			name = "[CP] Check Pods Manifest.lock";
			outputFileListPaths = (
			);
			outputPaths = (
				"$(DERIVED_FILE_DIR)/Pods-Scaivision-ScaivisionUITests-checkManifestLockResult.txt",
			);
			runOnlyForDeploymentPostprocessing = 0;
			shellPath = /bin/sh;
			shellScript = "diff \"${PODS_PODFILE_DIR_PATH}/Podfile.lock\" \"${PODS_ROOT}/Manifest.lock\" > /dev/null\nif [ $? != 0 ] ; then\n    # print error to STDERR\n    echo \"error: The sandbox is not in sync with the Podfile.lock. Run 'pod install' or update your CocoaPods installation.\" >&2\n    exit 1\nfi\n# This output is used by Xcode 'outputs' to avoid re-running this script phase.\necho \"SUCCESS\" > \"${SCRIPT_OUTPUT_FILE_0}\"\n";
			showEnvVarsInLog = 0;
		};
		367DC68215706206A4A12468 /* [CP] Embed Pods Frameworks */ = {
			isa = PBXShellScriptBuildPhase;
			buildActionMask = 2147483647;
			files = (
			);
			inputFileListPaths = (
				"${PODS_ROOT}/Target Support Files/Pods-Scaivision-ScaivisionUITests/Pods-Scaivision-ScaivisionUITests-frameworks-${CONFIGURATION}-input-files.xcfilelist",
			);
			name = "[CP] Embed Pods Frameworks";
			outputFileListPaths = (
				"${PODS_ROOT}/Target Support Files/Pods-Scaivision-ScaivisionUITests/Pods-Scaivision-ScaivisionUITests-frameworks-${CONFIGURATION}-output-files.xcfilelist",
			);
			runOnlyForDeploymentPostprocessing = 0;
			shellPath = /bin/sh;
			shellScript = "\"${PODS_ROOT}/Target Support Files/Pods-Scaivision-ScaivisionUITests/Pods-Scaivision-ScaivisionUITests-frameworks.sh\"\n";
			showEnvVarsInLog = 0;
		};
		6C5C5CA869199AE459E77090 /* [CP] Check Pods Manifest.lock */ = {
			isa = PBXShellScriptBuildPhase;
			buildActionMask = 2147483647;
			files = (
			);
			inputFileListPaths = (
			);
			inputPaths = (
				"${PODS_PODFILE_DIR_PATH}/Podfile.lock",
				"${PODS_ROOT}/Manifest.lock",
			);
			name = "[CP] Check Pods Manifest.lock";
			outputFileListPaths = (
			);
			outputPaths = (
				"$(DERIVED_FILE_DIR)/Pods-ScaivisionTests-checkManifestLockResult.txt",
			);
			runOnlyForDeploymentPostprocessing = 0;
			shellPath = /bin/sh;
			shellScript = "diff \"${PODS_PODFILE_DIR_PATH}/Podfile.lock\" \"${PODS_ROOT}/Manifest.lock\" > /dev/null\nif [ $? != 0 ] ; then\n    # print error to STDERR\n    echo \"error: The sandbox is not in sync with the Podfile.lock. Run 'pod install' or update your CocoaPods installation.\" >&2\n    exit 1\nfi\n# This output is used by Xcode 'outputs' to avoid re-running this script phase.\necho \"SUCCESS\" > \"${SCRIPT_OUTPUT_FILE_0}\"\n";
			showEnvVarsInLog = 0;
		};
		AB5FE1D1432F95CB7189DAD2 /* [CP] Embed Pods Frameworks */ = {
			isa = PBXShellScriptBuildPhase;
			buildActionMask = 2147483647;
			files = (
			);
			inputFileListPaths = (
				"${PODS_ROOT}/Target Support Files/Pods-Scaivision/Pods-Scaivision-frameworks-${CONFIGURATION}-input-files.xcfilelist",
			);
			name = "[CP] Embed Pods Frameworks";
			outputFileListPaths = (
				"${PODS_ROOT}/Target Support Files/Pods-Scaivision/Pods-Scaivision-frameworks-${CONFIGURATION}-output-files.xcfilelist",
			);
			runOnlyForDeploymentPostprocessing = 0;
			shellPath = /bin/sh;
			shellScript = "\"${PODS_ROOT}/Target Support Files/Pods-Scaivision/Pods-Scaivision-frameworks.sh\"\n";
			showEnvVarsInLog = 0;
		};
		B0B94D7343DB4E918869E149 /* [CP] Check Pods Manifest.lock */ = {
			isa = PBXShellScriptBuildPhase;
			buildActionMask = 2147483647;
			files = (
			);
			inputFileListPaths = (
			);
			inputPaths = (
				"${PODS_PODFILE_DIR_PATH}/Podfile.lock",
				"${PODS_ROOT}/Manifest.lock",
			);
			name = "[CP] Check Pods Manifest.lock";
			outputFileListPaths = (
			);
			outputPaths = (
				"$(DERIVED_FILE_DIR)/Pods-Scaivision-checkManifestLockResult.txt",
			);
			runOnlyForDeploymentPostprocessing = 0;
			shellPath = /bin/sh;
			shellScript = "diff \"${PODS_PODFILE_DIR_PATH}/Podfile.lock\" \"${PODS_ROOT}/Manifest.lock\" > /dev/null\nif [ $? != 0 ] ; then\n    # print error to STDERR\n    echo \"error: The sandbox is not in sync with the Podfile.lock. Run 'pod install' or update your CocoaPods installation.\" >&2\n    exit 1\nfi\n# This output is used by Xcode 'outputs' to avoid re-running this script phase.\necho \"SUCCESS\" > \"${SCRIPT_OUTPUT_FILE_0}\"\n";
			showEnvVarsInLog = 0;
		};
/* End PBXShellScriptBuildPhase section */

/* Begin PBXSourcesBuildPhase section */
		5A77AE8B2769306A00A37517 /* Sources */ = {
			isa = PBXSourcesBuildPhase;
			buildActionMask = 2147483647;
			files = (
				5A02ADDE276B5368003FF5BA /* AppDelegate.swift in Sources */,
				5A77AEC1276B4B1300A37517 /* AWSS3Manager.swift in Sources */,
				5A77AEBD276937AF00A37517 /* CameraController.swift in Sources */,
				5A77AEBF276B335400A37517 /* ImagePicker.swift in Sources */,
				5A02ADE4276BCEDB003FF5BA /* ScaiModel.swift in Sources */,
				5A02ADE2276BCE89003FF5BA /* ScaiAPIManager.swift in Sources */,
				5A77AE952769306A00A37517 /* CameraView.swift in Sources */,
				5A77AE932769306A00A37517 /* ScaivisionApp.swift in Sources */,
				5A02ADE0276B9025003FF5BA /* InfoView.swift in Sources */,
			);
			runOnlyForDeploymentPostprocessing = 0;
		};
		5A77AE9B2769306D00A37517 /* Sources */ = {
			isa = PBXSourcesBuildPhase;
			buildActionMask = 2147483647;
			files = (
				5A77AEA42769306D00A37517 /* ScaivisionTests.swift in Sources */,
			);
			runOnlyForDeploymentPostprocessing = 0;
		};
		5A77AEA52769306D00A37517 /* Sources */ = {
			isa = PBXSourcesBuildPhase;
			buildActionMask = 2147483647;
			files = (
				5A77AEB02769306D00A37517 /* ScaivisionUITestsLaunchTests.swift in Sources */,
				5A77AEAE2769306D00A37517 /* ScaivisionUITests.swift in Sources */,
			);
			runOnlyForDeploymentPostprocessing = 0;
		};
/* End PBXSourcesBuildPhase section */

/* Begin PBXTargetDependency section */
		5A77AEA12769306D00A37517 /* PBXTargetDependency */ = {
			isa = PBXTargetDependency;
			target = 5A77AE8E2769306A00A37517 /* Scaivision */;
			targetProxy = 5A77AEA02769306D00A37517 /* PBXContainerItemProxy */;
		};
		5A77AEAB2769306D00A37517 /* PBXTargetDependency */ = {
			isa = PBXTargetDependency;
			target = 5A77AE8E2769306A00A37517 /* Scaivision */;
			targetProxy = 5A77AEAA2769306D00A37517 /* PBXContainerItemProxy */;
		};
/* End PBXTargetDependency section */

/* Begin XCBuildConfiguration section */
		5A77AEB12769306D00A37517 /* Debug */ = {
			isa = XCBuildConfiguration;
			buildSettings = {
				ALWAYS_SEARCH_USER_PATHS = NO;
				CLANG_ANALYZER_NONNULL = YES;
				CLANG_ANALYZER_NUMBER_OBJECT_CONVERSION = YES_AGGRESSIVE;
				CLANG_CXX_LANGUAGE_STANDARD = "gnu++17";
				CLANG_CXX_LIBRARY = "libc++";
				CLANG_ENABLE_MODULES = YES;
				CLANG_ENABLE_OBJC_ARC = YES;
				CLANG_ENABLE_OBJC_WEAK = YES;
				CLANG_WARN_BLOCK_CAPTURE_AUTORELEASING = YES;
				CLANG_WARN_BOOL_CONVERSION = YES;
				CLANG_WARN_COMMA = YES;
				CLANG_WARN_CONSTANT_CONVERSION = YES;
				CLANG_WARN_DEPRECATED_OBJC_IMPLEMENTATIONS = YES;
				CLANG_WARN_DIRECT_OBJC_ISA_USAGE = YES_ERROR;
				CLANG_WARN_DOCUMENTATION_COMMENTS = YES;
				CLANG_WARN_EMPTY_BODY = YES;
				CLANG_WARN_ENUM_CONVERSION = YES;
				CLANG_WARN_INFINITE_RECURSION = YES;
				CLANG_WARN_INT_CONVERSION = YES;
				CLANG_WARN_NON_LITERAL_NULL_CONVERSION = YES;
				CLANG_WARN_OBJC_IMPLICIT_RETAIN_SELF = YES;
				CLANG_WARN_OBJC_LITERAL_CONVERSION = YES;
				CLANG_WARN_OBJC_ROOT_CLASS = YES_ERROR;
				CLANG_WARN_QUOTED_INCLUDE_IN_FRAMEWORK_HEADER = YES;
				CLANG_WARN_RANGE_LOOP_ANALYSIS = YES;
				CLANG_WARN_STRICT_PROTOTYPES = YES;
				CLANG_WARN_SUSPICIOUS_MOVE = YES;
				CLANG_WARN_UNGUARDED_AVAILABILITY = YES_AGGRESSIVE;
				CLANG_WARN_UNREACHABLE_CODE = YES;
				CLANG_WARN__DUPLICATE_METHOD_MATCH = YES;
				COPY_PHASE_STRIP = NO;
				DEBUG_INFORMATION_FORMAT = dwarf;
				ENABLE_STRICT_OBJC_MSGSEND = YES;
				ENABLE_TESTABILITY = YES;
				GCC_C_LANGUAGE_STANDARD = gnu11;
				GCC_DYNAMIC_NO_PIC = NO;
				GCC_NO_COMMON_BLOCKS = YES;
				GCC_OPTIMIZATION_LEVEL = 0;
				GCC_PREPROCESSOR_DEFINITIONS = (
					"DEBUG=1",
					"$(inherited)",
				);
				GCC_WARN_64_TO_32_BIT_CONVERSION = YES;
				GCC_WARN_ABOUT_RETURN_TYPE = YES_ERROR;
				GCC_WARN_UNDECLARED_SELECTOR = YES;
				GCC_WARN_UNINITIALIZED_AUTOS = YES_AGGRESSIVE;
				GCC_WARN_UNUSED_FUNCTION = YES;
				GCC_WARN_UNUSED_VARIABLE = YES;
				IPHONEOS_DEPLOYMENT_TARGET = 15.0;
				MTL_ENABLE_DEBUG_INFO = INCLUDE_SOURCE;
				MTL_FAST_MATH = YES;
				ONLY_ACTIVE_ARCH = YES;
				SDKROOT = iphoneos;
				SWIFT_ACTIVE_COMPILATION_CONDITIONS = DEBUG;
				SWIFT_OPTIMIZATION_LEVEL = "-Onone";
			};
			name = Debug;
		};
		5A77AEB22769306D00A37517 /* Release */ = {
			isa = XCBuildConfiguration;
			buildSettings = {
				ALWAYS_SEARCH_USER_PATHS = NO;
				CLANG_ANALYZER_NONNULL = YES;
				CLANG_ANALYZER_NUMBER_OBJECT_CONVERSION = YES_AGGRESSIVE;
				CLANG_CXX_LANGUAGE_STANDARD = "gnu++17";
				CLANG_CXX_LIBRARY = "libc++";
				CLANG_ENABLE_MODULES = YES;
				CLANG_ENABLE_OBJC_ARC = YES;
				CLANG_ENABLE_OBJC_WEAK = YES;
				CLANG_WARN_BLOCK_CAPTURE_AUTORELEASING = YES;
				CLANG_WARN_BOOL_CONVERSION = YES;
				CLANG_WARN_COMMA = YES;
				CLANG_WARN_CONSTANT_CONVERSION = YES;
				CLANG_WARN_DEPRECATED_OBJC_IMPLEMENTATIONS = YES;
				CLANG_WARN_DIRECT_OBJC_ISA_USAGE = YES_ERROR;
				CLANG_WARN_DOCUMENTATION_COMMENTS = YES;
				CLANG_WARN_EMPTY_BODY = YES;
				CLANG_WARN_ENUM_CONVERSION = YES;
				CLANG_WARN_INFINITE_RECURSION = YES;
				CLANG_WARN_INT_CONVERSION = YES;
				CLANG_WARN_NON_LITERAL_NULL_CONVERSION = YES;
				CLANG_WARN_OBJC_IMPLICIT_RETAIN_SELF = YES;
				CLANG_WARN_OBJC_LITERAL_CONVERSION = YES;
				CLANG_WARN_OBJC_ROOT_CLASS = YES_ERROR;
				CLANG_WARN_QUOTED_INCLUDE_IN_FRAMEWORK_HEADER = YES;
				CLANG_WARN_RANGE_LOOP_ANALYSIS = YES;
				CLANG_WARN_STRICT_PROTOTYPES = YES;
				CLANG_WARN_SUSPICIOUS_MOVE = YES;
				CLANG_WARN_UNGUARDED_AVAILABILITY = YES_AGGRESSIVE;
				CLANG_WARN_UNREACHABLE_CODE = YES;
				CLANG_WARN__DUPLICATE_METHOD_MATCH = YES;
				COPY_PHASE_STRIP = NO;
				DEBUG_INFORMATION_FORMAT = "dwarf-with-dsym";
				ENABLE_NS_ASSERTIONS = NO;
				ENABLE_STRICT_OBJC_MSGSEND = YES;
				GCC_C_LANGUAGE_STANDARD = gnu11;
				GCC_NO_COMMON_BLOCKS = YES;
				GCC_WARN_64_TO_32_BIT_CONVERSION = YES;
				GCC_WARN_ABOUT_RETURN_TYPE = YES_ERROR;
				GCC_WARN_UNDECLARED_SELECTOR = YES;
				GCC_WARN_UNINITIALIZED_AUTOS = YES_AGGRESSIVE;
				GCC_WARN_UNUSED_FUNCTION = YES;
				GCC_WARN_UNUSED_VARIABLE = YES;
				IPHONEOS_DEPLOYMENT_TARGET = 15.0;
				MTL_ENABLE_DEBUG_INFO = NO;
				MTL_FAST_MATH = YES;
				SDKROOT = iphoneos;
				SWIFT_COMPILATION_MODE = wholemodule;
				SWIFT_OPTIMIZATION_LEVEL = "-O";
				VALIDATE_PRODUCT = YES;
			};
			name = Release;
		};
		5A77AEB42769306D00A37517 /* Debug */ = {
			isa = XCBuildConfiguration;
			baseConfigurationReference = 66641BADDA01634D1BC1A5F0 /* Pods-Scaivision.debug.xcconfig */;
			buildSettings = {
				ASSETCATALOG_COMPILER_APPICON_NAME = AppIcon;
				ASSETCATALOG_COMPILER_GLOBAL_ACCENT_COLOR_NAME = AccentColor;
				CODE_SIGN_STYLE = Automatic;
				CURRENT_PROJECT_VERSION = 1;
				DEVELOPMENT_ASSET_PATHS = "\"Scaivision/Preview Content\"";
				DEVELOPMENT_TEAM = V5SBXJJP96;
				ENABLE_PREVIEWS = YES;
				GENERATE_INFOPLIST_FILE = YES;
				INFOPLIST_FILE = Scaivision/Info.plist;
				INFOPLIST_KEY_NSCameraUsageDescription = "Camera Usage";
				INFOPLIST_KEY_NSPhotoLibraryUsageDescription = "Photo Library Usage";
				INFOPLIST_KEY_UIApplicationSceneManifest_Generation = YES;
				INFOPLIST_KEY_UIApplicationSupportsIndirectInputEvents = YES;
				INFOPLIST_KEY_UILaunchScreen_Generation = YES;
				INFOPLIST_KEY_UISupportedInterfaceOrientations_iPad = "UIInterfaceOrientationPortrait UIInterfaceOrientationPortraitUpsideDown UIInterfaceOrientationLandscapeLeft UIInterfaceOrientationLandscapeRight";
				INFOPLIST_KEY_UISupportedInterfaceOrientations_iPhone = "UIInterfaceOrientationPortrait UIInterfaceOrientationLandscapeLeft UIInterfaceOrientationLandscapeRight";
				LD_RUNPATH_SEARCH_PATHS = (
					"$(inherited)",
					"@executable_path/Frameworks",
				);
				MARKETING_VERSION = 1.0;
				PRODUCT_BUNDLE_IDENTIFIER = "com.scai.scai-vision";
				PRODUCT_NAME = "$(TARGET_NAME)";
				SWIFT_EMIT_LOC_STRINGS = YES;
				SWIFT_VERSION = 5.0;
				TARGETED_DEVICE_FAMILY = "1,2";
			};
			name = Debug;
		};
		5A77AEB52769306D00A37517 /* Release */ = {
			isa = XCBuildConfiguration;
			baseConfigurationReference = A19DF76D76A5C5D4895D592B /* Pods-Scaivision.release.xcconfig */;
			buildSettings = {
				ASSETCATALOG_COMPILER_APPICON_NAME = AppIcon;
				ASSETCATALOG_COMPILER_GLOBAL_ACCENT_COLOR_NAME = AccentColor;
				CODE_SIGN_STYLE = Automatic;
				CURRENT_PROJECT_VERSION = 1;
				DEVELOPMENT_ASSET_PATHS = "\"Scaivision/Preview Content\"";
				DEVELOPMENT_TEAM = V5SBXJJP96;
				ENABLE_PREVIEWS = YES;
				GENERATE_INFOPLIST_FILE = YES;
				INFOPLIST_FILE = Scaivision/Info.plist;
				INFOPLIST_KEY_NSCameraUsageDescription = "Camera Usage";
				INFOPLIST_KEY_NSPhotoLibraryUsageDescription = "Photo Library Usage";
				INFOPLIST_KEY_UIApplicationSceneManifest_Generation = YES;
				INFOPLIST_KEY_UIApplicationSupportsIndirectInputEvents = YES;
				INFOPLIST_KEY_UILaunchScreen_Generation = YES;
				INFOPLIST_KEY_UISupportedInterfaceOrientations_iPad = "UIInterfaceOrientationPortrait UIInterfaceOrientationPortraitUpsideDown UIInterfaceOrientationLandscapeLeft UIInterfaceOrientationLandscapeRight";
				INFOPLIST_KEY_UISupportedInterfaceOrientations_iPhone = "UIInterfaceOrientationPortrait UIInterfaceOrientationLandscapeLeft UIInterfaceOrientationLandscapeRight";
				LD_RUNPATH_SEARCH_PATHS = (
					"$(inherited)",
					"@executable_path/Frameworks",
				);
				MARKETING_VERSION = 1.0;
				PRODUCT_BUNDLE_IDENTIFIER = "com.scai.scai-vision";
				PRODUCT_NAME = "$(TARGET_NAME)";
				SWIFT_EMIT_LOC_STRINGS = YES;
				SWIFT_VERSION = 5.0;
				TARGETED_DEVICE_FAMILY = "1,2";
			};
			name = Release;
		};
		5A77AEB72769306D00A37517 /* Debug */ = {
			isa = XCBuildConfiguration;
			baseConfigurationReference = CDA50DE638F98F244109276B /* Pods-ScaivisionTests.debug.xcconfig */;
			buildSettings = {
				ALWAYS_EMBED_SWIFT_STANDARD_LIBRARIES = YES;
				BUNDLE_LOADER = "$(TEST_HOST)";
				CODE_SIGN_STYLE = Automatic;
				CURRENT_PROJECT_VERSION = 1;
				GENERATE_INFOPLIST_FILE = YES;
				IPHONEOS_DEPLOYMENT_TARGET = 15.0;
				LD_RUNPATH_SEARCH_PATHS = (
					"$(inherited)",
					"@executable_path/Frameworks",
					"@loader_path/Frameworks",
				);
				MARKETING_VERSION = 1.0;
				PRODUCT_BUNDLE_IDENTIFIER = com.scai.ScaivisionTests;
				PRODUCT_NAME = "$(TARGET_NAME)";
				SWIFT_EMIT_LOC_STRINGS = NO;
				SWIFT_VERSION = 5.0;
				TARGETED_DEVICE_FAMILY = "1,2";
				TEST_HOST = "$(BUILT_PRODUCTS_DIR)/Scaivision.app/Scaivision";
			};
			name = Debug;
		};
		5A77AEB82769306D00A37517 /* Release */ = {
			isa = XCBuildConfiguration;
			baseConfigurationReference = D6CEC7DA3C591F51D5E74871 /* Pods-ScaivisionTests.release.xcconfig */;
			buildSettings = {
				ALWAYS_EMBED_SWIFT_STANDARD_LIBRARIES = YES;
				BUNDLE_LOADER = "$(TEST_HOST)";
				CODE_SIGN_STYLE = Automatic;
				CURRENT_PROJECT_VERSION = 1;
				GENERATE_INFOPLIST_FILE = YES;
				IPHONEOS_DEPLOYMENT_TARGET = 15.0;
				LD_RUNPATH_SEARCH_PATHS = (
					"$(inherited)",
					"@executable_path/Frameworks",
					"@loader_path/Frameworks",
				);
				MARKETING_VERSION = 1.0;
				PRODUCT_BUNDLE_IDENTIFIER = com.scai.ScaivisionTests;
				PRODUCT_NAME = "$(TARGET_NAME)";
				SWIFT_EMIT_LOC_STRINGS = NO;
				SWIFT_VERSION = 5.0;
				TARGETED_DEVICE_FAMILY = "1,2";
				TEST_HOST = "$(BUILT_PRODUCTS_DIR)/Scaivision.app/Scaivision";
			};
			name = Release;
		};
		5A77AEBA2769306D00A37517 /* Debug */ = {
			isa = XCBuildConfiguration;
			baseConfigurationReference = 323E5D97BA4B819827190026 /* Pods-Scaivision-ScaivisionUITests.debug.xcconfig */;
			buildSettings = {
				ALWAYS_EMBED_SWIFT_STANDARD_LIBRARIES = YES;
				CODE_SIGN_STYLE = Automatic;
				CURRENT_PROJECT_VERSION = 1;
				GENERATE_INFOPLIST_FILE = YES;
				LD_RUNPATH_SEARCH_PATHS = (
					"$(inherited)",
					"@executable_path/Frameworks",
					"@loader_path/Frameworks",
				);
				MARKETING_VERSION = 1.0;
				PRODUCT_BUNDLE_IDENTIFIER = com.scai.ScaivisionUITests;
				PRODUCT_NAME = "$(TARGET_NAME)";
				SWIFT_EMIT_LOC_STRINGS = NO;
				SWIFT_VERSION = 5.0;
				TARGETED_DEVICE_FAMILY = "1,2";
				TEST_TARGET_NAME = Scaivision;
			};
			name = Debug;
		};
		5A77AEBB2769306D00A37517 /* Release */ = {
			isa = XCBuildConfiguration;
			baseConfigurationReference = F942FD8ED747874AF0FFE9E2 /* Pods-Scaivision-ScaivisionUITests.release.xcconfig */;
			buildSettings = {
				ALWAYS_EMBED_SWIFT_STANDARD_LIBRARIES = YES;
				CODE_SIGN_STYLE = Automatic;
				CURRENT_PROJECT_VERSION = 1;
				GENERATE_INFOPLIST_FILE = YES;
				LD_RUNPATH_SEARCH_PATHS = (
					"$(inherited)",
					"@executable_path/Frameworks",
					"@loader_path/Frameworks",
				);
				MARKETING_VERSION = 1.0;
				PRODUCT_BUNDLE_IDENTIFIER = com.scai.ScaivisionUITests;
				PRODUCT_NAME = "$(TARGET_NAME)";
				SWIFT_EMIT_LOC_STRINGS = NO;
				SWIFT_VERSION = 5.0;
				TARGETED_DEVICE_FAMILY = "1,2";
				TEST_TARGET_NAME = Scaivision;
			};
			name = Release;
		};
/* End XCBuildConfiguration section */

/* Begin XCConfigurationList section */
		5A77AE8A2769306A00A37517 /* Build configuration list for PBXProject "Scaivision" */ = {
			isa = XCConfigurationList;
			buildConfigurations = (
				5A77AEB12769306D00A37517 /* Debug */,
				5A77AEB22769306D00A37517 /* Release */,
			);
			defaultConfigurationIsVisible = 0;
			defaultConfigurationName = Release;
		};
		5A77AEB32769306D00A37517 /* Build configuration list for PBXNativeTarget "Scaivision" */ = {
			isa = XCConfigurationList;
			buildConfigurations = (
				5A77AEB42769306D00A37517 /* Debug */,
				5A77AEB52769306D00A37517 /* Release */,
			);
			defaultConfigurationIsVisible = 0;
			defaultConfigurationName = Release;
		};
		5A77AEB62769306D00A37517 /* Build configuration list for PBXNativeTarget "ScaivisionTests" */ = {
			isa = XCConfigurationList;
			buildConfigurations = (
				5A77AEB72769306D00A37517 /* Debug */,
				5A77AEB82769306D00A37517 /* Release */,
			);
			defaultConfigurationIsVisible = 0;
			defaultConfigurationName = Release;
		};
		5A77AEB92769306D00A37517 /* Build configuration list for PBXNativeTarget "ScaivisionUITests" */ = {
			isa = XCConfigurationList;
			buildConfigurations = (
				5A77AEBA2769306D00A37517 /* Debug */,
				5A77AEBB2769306D00A37517 /* Release */,
			);
			defaultConfigurationIsVisible = 0;
			defaultConfigurationName = Release;
		};
/* End XCConfigurationList section */
	};
	rootObject = 5A77AE872769306A00A37517 /* Project object */;
}
